
Microsoft Visual Studio Solution File, Format Version 12.00
# Visual Studio Version 17
VisualStudioVersion = 17.0.31903.59
MinimumVisualStudioVersion = 10.0.40219.1
Project("{FAE04EC0-301F-11D3-BF4B-00C04F79EFBC}") = "MainApp", "MainApp\MainApp.csproj", "{95C02682-CAB6-49D2-9821-EB74F02362F8}"
EndProject
Project("{FAE04EC0-301F-11D3-BF4B-00C04F79EFBC}") = "Domain", "Domain\Domain.csproj", "{BD45CC81-760F-4137-9B82-9304280D3882}"
EndProject
Project("{FAE04EC0-301F-11D3-BF4B-00C04F79EFBC}") = "Infrastructure", "Infrastructure\Infrastructure.csproj", "{F52219DB-66E8-4900-9BAC-164CD81102DC}"
EndProject
Global
	GlobalSection(SolutionConfigurationPlatforms) = preSolution
		Debug|Any CPU = Debug|Any CPU
		Release|Any CPU = Release|Any CPU
	EndGlobalSection
	GlobalSection(SolutionProperties) = preSolution
		HideSolutionNode = FALSE
	EndGlobalSection
	GlobalSection(ProjectConfigurationPlatforms) = postSolution
		{95C02682-CAB6-49D2-9821-EB74F02362F8}.Debug|Any CPU.ActiveCfg = Debug|Any CPU
		{95C02682-CAB6-49D2-9821-EB74F02362F8}.Debug|Any CPU.Build.0 = Debug|Any CPU
		{95C02682-CAB6-49D2-9821-EB74F02362F8}.Release|Any CPU.ActiveCfg = Release|Any CPU
		{95C02682-CAB6-49D2-9821-EB74F02362F8}.Release|Any CPU.Build.0 = Release|Any CPU
		{BD45CC81-760F-4137-9B82-9304280D3882}.Debug|Any CPU.ActiveCfg = Debug|Any CPU
		{BD45CC81-760F-4137-9B82-9304280D3882}.Debug|Any CPU.Build.0 = Debug|Any CPU
		{BD45CC81-760F-4137-9B82-9304280D3882}.Release|Any CPU.ActiveCfg = Release|Any CPU
		{BD45CC81-760F-4137-9B82-9304280D3882}.Release|Any CPU.Build.0 = Release|Any CPU
		{F52219DB-66E8-4900-9BAC-164CD81102DC}.Debug|Any CPU.ActiveCfg = Debug|Any CPU
		{F52219DB-66E8-4900-9BAC-164CD81102DC}.Debug|Any CPU.Build.0 = Debug|Any CPU
		{F52219DB-66E8-4900-9BAC-164CD81102DC}.Release|Any CPU.ActiveCfg = Release|Any CPU
		{F52219DB-66E8-4900-9BAC-164CD81102DC}.Release|Any CPU.Build.0 = Release|Any CPU
	EndGlobalSection
EndGlobal
